
Microsoft Visual Studio Solution File, Format Version 12.00
# Visual Studio Version 16
VisualStudioVersion = 16.0.32106.194
MinimumVisualStudioVersion = 10.0.40219.1
Project("{FAE04EC0-301F-11D3-BF4B-00C04F79EFBC}") = "Week1_IntroductionToClasses", "Week1_IntroductionToClasses\Week1_IntroductionToClasses.csproj", "{ABB80BA9-5865-4238-800B-326DA21C9072}"
EndProject
Project("{FAE04EC0-301F-11D3-BF4B-00C04F79EFBC}") = "Week2_Inheritance", "Week2_Inheritance\Week2_Inheritance.csproj", "{8C42D670-1591-432F-9981-C5F43C2A63C7}"
EndProject
Project("{FAE04EC0-301F-11D3-BF4B-00C04F79EFBC}") = "Week2_InheritancePart2", "Week2_InheritancePart2\Week2_InheritancePart2.csproj", "{EAAF6DC6-74AF-47BE-8A9D-CE5193B8309D}"
EndProject
Project("{FAE04EC0-301F-11D3-BF4B-00C04F79EFBC}") = "Week3_Polymorphism", "Week3_Polymorphism\Week3_Polymorphism.csproj", "{FB88587A-9AC3-48EB-8466-18C6C1147E5F}"
EndProject
Global
	GlobalSection(SolutionConfigurationPlatforms) = preSolution
		Debug|Any CPU = Debug|Any CPU
		Release|Any CPU = Release|Any CPU
	EndGlobalSection
	GlobalSection(ProjectConfigurationPlatforms) = postSolution
		{ABB80BA9-5865-4238-800B-326DA21C9072}.Debug|Any CPU.ActiveCfg = Debug|Any CPU
		{ABB80BA9-5865-4238-800B-326DA21C9072}.Debug|Any CPU.Build.0 = Debug|Any CPU
		{ABB80BA9-5865-4238-800B-326DA21C9072}.Release|Any CPU.ActiveCfg = Release|Any CPU
		{ABB80BA9-5865-4238-800B-326DA21C9072}.Release|Any CPU.Build.0 = Release|Any CPU
		{8C42D670-1591-432F-9981-C5F43C2A63C7}.Debug|Any CPU.ActiveCfg = Debug|Any CPU
		{8C42D670-1591-432F-9981-C5F43C2A63C7}.Debug|Any CPU.Build.0 = Debug|Any CPU
		{8C42D670-1591-432F-9981-C5F43C2A63C7}.Release|Any CPU.ActiveCfg = Release|Any CPU
		{8C42D670-1591-432F-9981-C5F43C2A63C7}.Release|Any CPU.Build.0 = Release|Any CPU
		{EAAF6DC6-74AF-47BE-8A9D-CE5193B8309D}.Debug|Any CPU.ActiveCfg = Debug|Any CPU
		{EAAF6DC6-74AF-47BE-8A9D-CE5193B8309D}.Debug|Any CPU.Build.0 = Debug|Any CPU
		{EAAF6DC6-74AF-47BE-8A9D-CE5193B8309D}.Release|Any CPU.ActiveCfg = Release|Any CPU
		{EAAF6DC6-74AF-47BE-8A9D-CE5193B8309D}.Release|Any CPU.Build.0 = Release|Any CPU
		{FB88587A-9AC3-48EB-8466-18C6C1147E5F}.Debug|Any CPU.ActiveCfg = Debug|Any CPU
		{FB88587A-9AC3-48EB-8466-18C6C1147E5F}.Debug|Any CPU.Build.0 = Debug|Any CPU
		{FB88587A-9AC3-48EB-8466-18C6C1147E5F}.Release|Any CPU.ActiveCfg = Release|Any CPU
		{FB88587A-9AC3-48EB-8466-18C6C1147E5F}.Release|Any CPU.Build.0 = Release|Any CPU
	EndGlobalSection
	GlobalSection(SolutionProperties) = preSolution
		HideSolutionNode = FALSE
	EndGlobalSection
	GlobalSection(ExtensibilityGlobals) = postSolution
		SolutionGuid = {4C44D6F0-4189-4253-AF4F-4477A2B63D0C}
	EndGlobalSection
EndGlobal
