
Microsoft Visual Studio Solution File, Format Version 12.00
# Visual Studio Version 16
VisualStudioVersion = 16.0.32106.194
MinimumVisualStudioVersion = 10.0.40219.1
Project("{FAE04EC0-301F-11D3-BF4B-00C04F79EFBC}") = "Week1_IntroductionToClasses", "Week1_IntroductionToClasses\Week1_IntroductionToClasses.csproj", "{ABB80BA9-5865-4238-800B-326DA21C9072}"
EndProject
Project("{FAE04EC0-301F-11D3-BF4B-00C04F79EFBC}") = "Week2_Inheritance", "Week2_Inheritance\Week2_Inheritance.csproj", "{8C42D670-1591-432F-9981-C5F43C2A63C7}"
EndProject
Project("{FAE04EC0-301F-11D3-BF4B-00C04F79EFBC}") = "Week2_InheritancePart2", "Week2_InheritancePart2\Week2_InheritancePart2.csproj", "{EAAF6DC6-74AF-47BE-8A9D-CE5193B8309D}"
EndProject
Project("{FAE04EC0-301F-11D3-BF4B-00C04F79EFBC}") = "Week3_Polymorphism", "Week3_Polymorphism\Week3_Polymorphism.csproj", "{FB88587A-9AC3-48EB-8466-18C6C1147E5F}"
EndProject
Project("{FAE04EC0-301F-11D3-BF4B-00C04F79EFBC}") = "Week4_ClassRelationships", "Week4_ClassRelationships\Week4_ClassRelationships.csproj", "{DC65E480-1A6A-4925-B1A4-C5DA55319BB0}"
EndProject
Project("{FAE04EC0-301F-11D3-BF4B-00C04F79EFBC}") = "Week5_AbstractClasses", "Week5_AbstractClasses\Week5_AbstractClasses.csproj", "{F9236EC9-BC42-4ECB-8D8E-51114858D745}"
EndProject
Project("{FAE04EC0-301F-11D3-BF4B-00C04F79EFBC}") = "Week5_Interfaces", "Week5_Interfaces\Week5_Interfaces.csproj", "{683883FC-7301-43E1-867C-6A9AD1DCE85E}"
EndProject
Project("{FAE04EC0-301F-11D3-BF4B-00C04F79EFBC}") = "Week5_Interfaces_W6Q3", "Week5_Interfaces_W6Q3\Week5_Interfaces_W6Q3.csproj", "{661E9AC7-E9AF-4BE7-AEFF-050775AA8B7E}"
EndProject
Global
	GlobalSection(SolutionConfigurationPlatforms) = preSolution
		Debug|Any CPU = Debug|Any CPU
		Release|Any CPU = Release|Any CPU
	EndGlobalSection
	GlobalSection(ProjectConfigurationPlatforms) = postSolution
		{ABB80BA9-5865-4238-800B-326DA21C9072}.Debug|Any CPU.ActiveCfg = Debug|Any CPU
		{ABB80BA9-5865-4238-800B-326DA21C9072}.Debug|Any CPU.Build.0 = Debug|Any CPU
		{ABB80BA9-5865-4238-800B-326DA21C9072}.Release|Any CPU.ActiveCfg = Release|Any CPU
		{ABB80BA9-5865-4238-800B-326DA21C9072}.Release|Any CPU.Build.0 = Release|Any CPU
		{8C42D670-1591-432F-9981-C5F43C2A63C7}.Debug|Any CPU.ActiveCfg = Debug|Any CPU
		{8C42D670-1591-432F-9981-C5F43C2A63C7}.Debug|Any CPU.Build.0 = Debug|Any CPU
		{8C42D670-1591-432F-9981-C5F43C2A63C7}.Release|Any CPU.ActiveCfg = Release|Any CPU
		{8C42D670-1591-432F-9981-C5F43C2A63C7}.Release|Any CPU.Build.0 = Release|Any CPU
		{EAAF6DC6-74AF-47BE-8A9D-CE5193B8309D}.Debug|Any CPU.ActiveCfg = Debug|Any CPU
		{EAAF6DC6-74AF-47BE-8A9D-CE5193B8309D}.Debug|Any CPU.Build.0 = Debug|Any CPU
		{EAAF6DC6-74AF-47BE-8A9D-CE5193B8309D}.Release|Any CPU.ActiveCfg = Release|Any CPU
		{EAAF6DC6-74AF-47BE-8A9D-CE5193B8309D}.Release|Any CPU.Build.0 = Release|Any CPU
		{FB88587A-9AC3-48EB-8466-18C6C1147E5F}.Debug|Any CPU.ActiveCfg = Debug|Any CPU
		{FB88587A-9AC3-48EB-8466-18C6C1147E5F}.Debug|Any CPU.Build.0 = Debug|Any CPU
		{FB88587A-9AC3-48EB-8466-18C6C1147E5F}.Release|Any CPU.ActiveCfg = Release|Any CPU
		{FB88587A-9AC3-48EB-8466-18C6C1147E5F}.Release|Any CPU.Build.0 = Release|Any CPU
		{DC65E480-1A6A-4925-B1A4-C5DA55319BB0}.Debug|Any CPU.ActiveCfg = Debug|Any CPU
		{DC65E480-1A6A-4925-B1A4-C5DA55319BB0}.Debug|Any CPU.Build.0 = Debug|Any CPU
		{DC65E480-1A6A-4925-B1A4-C5DA55319BB0}.Release|Any CPU.ActiveCfg = Release|Any CPU
		{DC65E480-1A6A-4925-B1A4-C5DA55319BB0}.Release|Any CPU.Build.0 = Release|Any CPU
		{F9236EC9-BC42-4ECB-8D8E-51114858D745}.Debug|Any CPU.ActiveCfg = Debug|Any CPU
		{F9236EC9-BC42-4ECB-8D8E-51114858D745}.Debug|Any CPU.Build.0 = Debug|Any CPU
		{F9236EC9-BC42-4ECB-8D8E-51114858D745}.Release|Any CPU.ActiveCfg = Release|Any CPU
		{F9236EC9-BC42-4ECB-8D8E-51114858D745}.Release|Any CPU.Build.0 = Release|Any CPU
		{683883FC-7301-43E1-867C-6A9AD1DCE85E}.Debug|Any CPU.ActiveCfg = Debug|Any CPU
		{683883FC-7301-43E1-867C-6A9AD1DCE85E}.Debug|Any CPU.Build.0 = Debug|Any CPU
		{683883FC-7301-43E1-867C-6A9AD1DCE85E}.Release|Any CPU.ActiveCfg = Release|Any CPU
		{683883FC-7301-43E1-867C-6A9AD1DCE85E}.Release|Any CPU.Build.0 = Release|Any CPU
		{661E9AC7-E9AF-4BE7-AEFF-050775AA8B7E}.Debug|Any CPU.ActiveCfg = Debug|Any CPU
		{661E9AC7-E9AF-4BE7-AEFF-050775AA8B7E}.Debug|Any CPU.Build.0 = Debug|Any CPU
		{661E9AC7-E9AF-4BE7-AEFF-050775AA8B7E}.Release|Any CPU.ActiveCfg = Release|Any CPU
		{661E9AC7-E9AF-4BE7-AEFF-050775AA8B7E}.Release|Any CPU.Build.0 = Release|Any CPU
	EndGlobalSection
	GlobalSection(SolutionProperties) = preSolution
		HideSolutionNode = FALSE
	EndGlobalSection
	GlobalSection(ExtensibilityGlobals) = postSolution
		SolutionGuid = {4C44D6F0-4189-4253-AF4F-4477A2B63D0C}
	EndGlobalSection
EndGlobal
